Microsoft Visual Studio Solution File, Format Version 12.00
# Visual Studio Version 17
VisualStudioVersion = 17.5.2.0
MinimumVisualStudioVersion = 10.0.40219.1
Project("{FAE04EC0-301F-11D3-BF4B-00C04F79EFBC}") = "ClaimSetter", "ClaimSetter.csproj", "{F58FFAE0-C37F-56CC-FD10-C13D83E16825}"
EndProject
Global
	GlobalSection(SolutionConfigurationPlatforms) = preSolution
		Debug|Any CPU = Debug|Any CPU
		Release|Any CPU = Release|Any CPU
	EndGlobalSection
	GlobalSection(ProjectConfigurationPlatforms) = postSolution
		{F58FFAE0-C37F-56CC-FD10-C13D83E16825}.Debug|Any CPU.ActiveCfg = Debug|Any CPU
		{F58FFAE0-C37F-56CC-FD10-C13D83E16825}.Debug|Any CPU.Build.0 = Debug|Any CPU
		{F58FFAE0-C37F-56CC-FD10-C13D83E16825}.Release|Any CPU.ActiveCfg = Release|Any CPU
		{F58FFAE0-C37F-56CC-FD10-C13D83E16825}.Release|Any CPU.Build.0 = Release|Any CPU
	EndGlobalSection
	GlobalSection(SolutionProperties) = preSolution
		HideSolutionNode = FALSE
	EndGlobalSection
	GlobalSection(ExtensibilityGlobals) = postSolution
		SolutionGuid = {62E53B63-5ED1-462B-884A-F26405DD60D0}
	EndGlobalSection
EndGlobal
